
Microsoft Visual Studio Solution File, Format Version 12.00
# Visual Studio Version 17
VisualStudioVersion = 17.14.36414.22 d17.14
MinimumVisualStudioVersion = 10.0.40219.1
Project("{FAE04EC0-301F-11D3-BF4B-00C04F79EFBC}") = "Automotors", "Automotors\Automotors.csproj", "{A714E60E-8846-48FA-A436-A9998C57C38B}"
EndProject
Global
	GlobalSection(SolutionConfigurationPlatforms) = preSolution
		Debug|Any CPU = Debug|Any CPU
		Release|Any CPU = Release|Any CPU
	EndGlobalSection
	GlobalSection(ProjectConfigurationPlatforms) = postSolution
		{A714E60E-8846-48FA-A436-A9998C57C38B}.Debug|Any CPU.ActiveCfg = Debug|Any CPU
		{A714E60E-8846-48FA-A436-A9998C57C38B}.Debug|Any CPU.Build.0 = Debug|Any CPU
		{A714E60E-8846-48FA-A436-A9998C57C38B}.Release|Any CPU.ActiveCfg = Release|Any CPU
		{A714E60E-8846-48FA-A436-A9998C57C38B}.Release|Any CPU.Build.0 = Release|Any CPU
	EndGlobalSection
	GlobalSection(SolutionProperties) = preSolution
		HideSolutionNode = FALSE
	EndGlobalSection
	GlobalSection(ExtensibilityGlobals) = postSolution
		SolutionGuid = {BFC1D8EB-FA65-4B6B-A444-DF83404116ED}
	EndGlobalSection
EndGlobal
